
Microsoft Visual Studio Solution File, Format Version 12.00
# Visual Studio Version 16
VisualStudioVersion = 16.0.31313.79
MinimumVisualStudioVersion = 10.0.40219.1
Project("{FAE04EC0-301F-11D3-BF4B-00C04F79EFBC}") = "Quiz", "ConsoleApp2\Quiz.csproj", "{278F63C5-2AB2-4F76-A330-6D23F3BA60A8}"
EndProject
Global
	GlobalSection(SolutionConfigurationPlatforms) = preSolution
		Debug|Any CPU = Debug|Any CPU
		Release|Any CPU = Release|Any CPU
	EndGlobalSection
	GlobalSection(ProjectConfigurationPlatforms) = postSolution
		{278F63C5-2AB2-4F76-A330-6D23F3BA60A8}.Debug|Any CPU.ActiveCfg = Debug|Any CPU
		{278F63C5-2AB2-4F76-A330-6D23F3BA60A8}.Debug|Any CPU.Build.0 = Debug|Any CPU
		{278F63C5-2AB2-4F76-A330-6D23F3BA60A8}.Release|Any CPU.ActiveCfg = Release|Any CPU
		{278F63C5-2AB2-4F76-A330-6D23F3BA60A8}.Release|Any CPU.Build.0 = Release|Any CPU
	EndGlobalSection
	GlobalSection(SolutionProperties) = preSolution
		HideSolutionNode = FALSE
	EndGlobalSection
	GlobalSection(ExtensibilityGlobals) = postSolution
		SolutionGuid = {AD63C6CF-2F57-4547-82CB-3F879A58DF67}
	EndGlobalSection
EndGlobal
